
Microsoft Visual Studio Solution File, Format Version 12.00
# Visual Studio 2013
VisualStudioVersion = 12.0.21005.1
MinimumVisualStudioVersion = 10.0.40219.1
Project("{FAE04EC0-301F-11D3-BF4B-00C04F79EFBC}") = "ScadaApp", "ScadaApp\ScadaApp.csproj", "{2C16F6E8-D131-4CF1-80DB-D460E1D605C2}"
EndProject
Project("{FAE04EC0-301F-11D3-BF4B-00C04F79EFBC}") = "ScadaCore", "ScadaCore\ScadaCore.csproj", "{5B8926DD-DD25-4531-AC23-2B31CB9774D4}"
EndProject
Project("{FAE04EC0-301F-11D3-BF4B-00C04F79EFBC}") = "WebService", "WebService\WebService.csproj", "{B5BCF8FA-9E0E-4C0B-9731-F4AE03CF3434}"
EndProject
Project("{FAE04EC0-301F-11D3-BF4B-00C04F79EFBC}") = "Robotics", "Robotics\Robotics.csproj", "{DF66D143-D5CC-4BA7-A277-D0E76779B062}"
EndProject
Project("{FAE04EC0-301F-11D3-BF4B-00C04F79EFBC}") = "Vision", "Vision\Vision.csproj", "{D1A527CB-5BDC-4483-A24F-21D6263A41CE}"
EndProject
Project("{FAE04EC0-301F-11D3-BF4B-00C04F79EFBC}") = "Sensors", "Sensors\Sensors.csproj", "{125603EC-D10E-49C4-B10D-FAC6E5496F03}"
EndProject
Project("{FAE04EC0-301F-11D3-BF4B-00C04F79EFBC}") = "Common", "Common\Common.csproj", "{8D9820AC-1F68-49FF-93AD-24591C94A178}"
EndProject
Project("{FAE04EC0-301F-11D3-BF4B-00C04F79EFBC}") = "TmcTest", "TmcTest\TmcTest.csproj", "{87CA9FC1-0480-44DB-8346-E5D8B963E35F}"
EndProject
Project("{FAE04EC0-301F-11D3-BF4B-00C04F79EFBC}") = "TmcData", "TmcData\TmcData.csproj", "{4A0D0977-FAE7-47AF-88A6-7779F6EAD528}"
EndProject
Project("{FAE04EC0-301F-11D3-BF4B-00C04F79EFBC}") = "Testing", "Testing\Testing.csproj", "{987AC1E1-9473-4A3B-B457-CF565F4616AC}"
EndProject
Global
	GlobalSection(SolutionConfigurationPlatforms) = preSolution
		Debug|Any CPU = Debug|Any CPU
		Release|Any CPU = Release|Any CPU
	EndGlobalSection
	GlobalSection(ProjectConfigurationPlatforms) = postSolution
		{2C16F6E8-D131-4CF1-80DB-D460E1D605C2}.Debug|Any CPU.ActiveCfg = Debug|Any CPU
		{2C16F6E8-D131-4CF1-80DB-D460E1D605C2}.Debug|Any CPU.Build.0 = Debug|Any CPU
		{2C16F6E8-D131-4CF1-80DB-D460E1D605C2}.Release|Any CPU.ActiveCfg = Release|Any CPU
		{2C16F6E8-D131-4CF1-80DB-D460E1D605C2}.Release|Any CPU.Build.0 = Release|Any CPU
		{5B8926DD-DD25-4531-AC23-2B31CB9774D4}.Debug|Any CPU.ActiveCfg = Debug|Any CPU
		{5B8926DD-DD25-4531-AC23-2B31CB9774D4}.Debug|Any CPU.Build.0 = Debug|Any CPU
		{5B8926DD-DD25-4531-AC23-2B31CB9774D4}.Release|Any CPU.ActiveCfg = Release|Any CPU
		{5B8926DD-DD25-4531-AC23-2B31CB9774D4}.Release|Any CPU.Build.0 = Release|Any CPU
		{B5BCF8FA-9E0E-4C0B-9731-F4AE03CF3434}.Debug|Any CPU.ActiveCfg = Debug|Any CPU
		{B5BCF8FA-9E0E-4C0B-9731-F4AE03CF3434}.Debug|Any CPU.Build.0 = Debug|Any CPU
		{B5BCF8FA-9E0E-4C0B-9731-F4AE03CF3434}.Release|Any CPU.ActiveCfg = Release|Any CPU
		{B5BCF8FA-9E0E-4C0B-9731-F4AE03CF3434}.Release|Any CPU.Build.0 = Release|Any CPU
		{DF66D143-D5CC-4BA7-A277-D0E76779B062}.Debug|Any CPU.ActiveCfg = Debug|Any CPU
		{DF66D143-D5CC-4BA7-A277-D0E76779B062}.Debug|Any CPU.Build.0 = Debug|Any CPU
		{DF66D143-D5CC-4BA7-A277-D0E76779B062}.Release|Any CPU.ActiveCfg = Release|Any CPU
		{DF66D143-D5CC-4BA7-A277-D0E76779B062}.Release|Any CPU.Build.0 = Release|Any CPU
		{D1A527CB-5BDC-4483-A24F-21D6263A41CE}.Debug|Any CPU.ActiveCfg = Debug|Any CPU
		{D1A527CB-5BDC-4483-A24F-21D6263A41CE}.Debug|Any CPU.Build.0 = Debug|Any CPU
		{D1A527CB-5BDC-4483-A24F-21D6263A41CE}.Release|Any CPU.ActiveCfg = Release|Any CPU
		{D1A527CB-5BDC-4483-A24F-21D6263A41CE}.Release|Any CPU.Build.0 = Release|Any CPU
		{125603EC-D10E-49C4-B10D-FAC6E5496F03}.Debug|Any CPU.ActiveCfg = Debug|Any CPU
		{125603EC-D10E-49C4-B10D-FAC6E5496F03}.Debug|Any CPU.Build.0 = Debug|Any CPU
		{125603EC-D10E-49C4-B10D-FAC6E5496F03}.Release|Any CPU.ActiveCfg = Release|Any CPU
		{125603EC-D10E-49C4-B10D-FAC6E5496F03}.Release|Any CPU.Build.0 = Release|Any CPU
		{8D9820AC-1F68-49FF-93AD-24591C94A178}.Debug|Any CPU.ActiveCfg = Debug|Any CPU
		{8D9820AC-1F68-49FF-93AD-24591C94A178}.Debug|Any CPU.Build.0 = Debug|Any CPU
		{8D9820AC-1F68-49FF-93AD-24591C94A178}.Release|Any CPU.ActiveCfg = Release|Any CPU
		{8D9820AC-1F68-49FF-93AD-24591C94A178}.Release|Any CPU.Build.0 = Release|Any CPU
		{87CA9FC1-0480-44DB-8346-E5D8B963E35F}.Debug|Any CPU.ActiveCfg = Debug|Any CPU
		{87CA9FC1-0480-44DB-8346-E5D8B963E35F}.Debug|Any CPU.Build.0 = Debug|Any CPU
		{87CA9FC1-0480-44DB-8346-E5D8B963E35F}.Release|Any CPU.ActiveCfg = Release|Any CPU
		{87CA9FC1-0480-44DB-8346-E5D8B963E35F}.Release|Any CPU.Build.0 = Release|Any CPU
		{4A0D0977-FAE7-47AF-88A6-7779F6EAD528}.Debug|Any CPU.ActiveCfg = Debug|Any CPU
		{4A0D0977-FAE7-47AF-88A6-7779F6EAD528}.Debug|Any CPU.Build.0 = Debug|Any CPU
		{4A0D0977-FAE7-47AF-88A6-7779F6EAD528}.Release|Any CPU.ActiveCfg = Release|Any CPU
		{4A0D0977-FAE7-47AF-88A6-7779F6EAD528}.Release|Any CPU.Build.0 = Release|Any CPU
		{987AC1E1-9473-4A3B-B457-CF565F4616AC}.Debug|Any CPU.ActiveCfg = Debug|Any CPU
		{987AC1E1-9473-4A3B-B457-CF565F4616AC}.Debug|Any CPU.Build.0 = Debug|Any CPU
		{987AC1E1-9473-4A3B-B457-CF565F4616AC}.Release|Any CPU.ActiveCfg = Release|Any CPU
		{987AC1E1-9473-4A3B-B457-CF565F4616AC}.Release|Any CPU.Build.0 = Release|Any CPU
	EndGlobalSection
	GlobalSection(SolutionProperties) = preSolution
		HideSolutionNode = FALSE
	EndGlobalSection
EndGlobal
